
Microsoft Visual Studio Solution File, Format Version 12.00
# Visual Studio Version 16
VisualStudioVersion = 16.0.29613.14
MinimumVisualStudioVersion = 10.0.40219.1
Project("{FAE04EC0-301F-11D3-BF4B-00C04F79EFBC}") = "BlazorWASMproj.Server", "BlazorWASMproj\Server\BlazorWASMproj.Server.csproj", "{53C1027B-ABD9-4B97-B6F4-8D8CF468B5E7}"
EndProject
Project("{FAE04EC0-301F-11D3-BF4B-00C04F79EFBC}") = "BlazorWASMproj.Client", "BlazorWASMproj\Client\BlazorWASMproj.Client.csproj", "{7AB10ED2-7ADD-4C74-83B7-29ED84E702B8}"
EndProject
Project("{FAE04EC0-301F-11D3-BF4B-00C04F79EFBC}") = "BlazorWASMproj.Shared", "BlazorWASMproj\Shared\BlazorWASMproj.Shared.csproj", "{3896A470-8294-4F9F-9F73-FCB6C7C117CE}"
EndProject
Global
	GlobalSection(SolutionConfigurationPlatforms) = preSolution
		Debug|Any CPU = Debug|Any CPU
		Release|Any CPU = Release|Any CPU
	EndGlobalSection
	GlobalSection(ProjectConfigurationPlatforms) = postSolution
		{53C1027B-ABD9-4B97-B6F4-8D8CF468B5E7}.Debug|Any CPU.ActiveCfg = Debug|Any CPU
		{53C1027B-ABD9-4B97-B6F4-8D8CF468B5E7}.Debug|Any CPU.Build.0 = Debug|Any CPU
		{53C1027B-ABD9-4B97-B6F4-8D8CF468B5E7}.Release|Any CPU.ActiveCfg = Release|Any CPU
		{53C1027B-ABD9-4B97-B6F4-8D8CF468B5E7}.Release|Any CPU.Build.0 = Release|Any CPU
		{7AB10ED2-7ADD-4C74-83B7-29ED84E702B8}.Debug|Any CPU.ActiveCfg = Debug|Any CPU
		{7AB10ED2-7ADD-4C74-83B7-29ED84E702B8}.Debug|Any CPU.Build.0 = Debug|Any CPU
		{7AB10ED2-7ADD-4C74-83B7-29ED84E702B8}.Release|Any CPU.ActiveCfg = Release|Any CPU
		{7AB10ED2-7ADD-4C74-83B7-29ED84E702B8}.Release|Any CPU.Build.0 = Release|Any CPU
		{3896A470-8294-4F9F-9F73-FCB6C7C117CE}.Debug|Any CPU.ActiveCfg = Debug|Any CPU
		{3896A470-8294-4F9F-9F73-FCB6C7C117CE}.Debug|Any CPU.Build.0 = Debug|Any CPU
		{3896A470-8294-4F9F-9F73-FCB6C7C117CE}.Release|Any CPU.ActiveCfg = Release|Any CPU
		{3896A470-8294-4F9F-9F73-FCB6C7C117CE}.Release|Any CPU.Build.0 = Release|Any CPU
	EndGlobalSection
	GlobalSection(SolutionProperties) = preSolution
		HideSolutionNode = FALSE
	EndGlobalSection
	GlobalSection(ExtensibilityGlobals) = postSolution
		SolutionGuid = {E8253D6F-1482-47B0-A262-33D2C297B615}
	EndGlobalSection
EndGlobal
